
Microsoft Visual Studio Solution File, Format Version 12.00
# Visual Studio Version 16
VisualStudioVersion = 16.0.28803.352
MinimumVisualStudioVersion = 10.0.40219.1
Project("{FAE04EC0-301F-11D3-BF4B-00C04F79EFBC}") = "tp10Morse", "tp10Morse\tp10Morse.csproj", "{B77C2050-BB1E-4279-9807-563FCCD687B0}"
EndProject
Global
	GlobalSection(SolutionConfigurationPlatforms) = preSolution
		Debug|Any CPU = Debug|Any CPU
		Release|Any CPU = Release|Any CPU
	EndGlobalSection
	GlobalSection(ProjectConfigurationPlatforms) = postSolution
		{B77C2050-BB1E-4279-9807-563FCCD687B0}.Debug|Any CPU.ActiveCfg = Debug|Any CPU
		{B77C2050-BB1E-4279-9807-563FCCD687B0}.Debug|Any CPU.Build.0 = Debug|Any CPU
		{B77C2050-BB1E-4279-9807-563FCCD687B0}.Release|Any CPU.ActiveCfg = Release|Any CPU
		{B77C2050-BB1E-4279-9807-563FCCD687B0}.Release|Any CPU.Build.0 = Release|Any CPU
	EndGlobalSection
	GlobalSection(SolutionProperties) = preSolution
		HideSolutionNode = FALSE
	EndGlobalSection
	GlobalSection(ExtensibilityGlobals) = postSolution
		SolutionGuid = {79CC52D3-CC9F-453F-B253-D7A3F8FFB472}
	EndGlobalSection
EndGlobal
